
Microsoft Visual Studio Solution File, Format Version 12.00
# Visual Studio Version 16
VisualStudioVersion = 16.0.29709.97
MinimumVisualStudioVersion = 10.0.40219.1
Project("{9A19103F-16F7-4668-BE54-9A1E7A4F7556}") = "Dekret_CSharpLab1", "Dekret_CSharpLab1.csproj", "{605EA1C2-6262-48A7-B733-78C194C2AC87}"
EndProject
Global
	GlobalSection(SolutionConfigurationPlatforms) = preSolution
		Debug|Any CPU = Debug|Any CPU
		Release|Any CPU = Release|Any CPU
	EndGlobalSection
	GlobalSection(ProjectConfigurationPlatforms) = postSolution
		{605EA1C2-6262-48A7-B733-78C194C2AC87}.Debug|Any CPU.ActiveCfg = Debug|Any CPU
		{605EA1C2-6262-48A7-B733-78C194C2AC87}.Debug|Any CPU.Build.0 = Debug|Any CPU
		{605EA1C2-6262-48A7-B733-78C194C2AC87}.Release|Any CPU.ActiveCfg = Release|Any CPU
		{605EA1C2-6262-48A7-B733-78C194C2AC87}.Release|Any CPU.Build.0 = Release|Any CPU
	EndGlobalSection
	GlobalSection(SolutionProperties) = preSolution
		HideSolutionNode = FALSE
	EndGlobalSection
	GlobalSection(ExtensibilityGlobals) = postSolution
		SolutionGuid = {F8C6E23D-06C4-4F33-93BB-3D3D1D7E7E28}
	EndGlobalSection
EndGlobal
